<?xml version="1.0" encoding="utf-8"?>
<Project ToolsVersion="4.0" xmlns="http://schemas.microsoft.com/developer/msbuild/2003">
  <ItemGroup>
    <Filter Include="Soda">
      <UniqueIdentifier>{6C788C7C-58AF-8D0D-019C-7310EDB1090F}</UniqueIdentifier>
    </Filter>
  </ItemGroup>
  <ItemGroup>
    <ClInclude Include="src\Soda.h" />
    <ClInclude Include="src\Soda\App.h">
      <Filter>Soda</Filter>
    </ClInclude>
    <ClInclude Include="src\Soda\Core.h">
      <Filter>Soda</Filter>
    </ClInclude>
    <ClInclude Include="src\Soda\Logger.h">
      <Filter>Soda</Filter>
    </ClInclude>
    <ClInclude Include="src\Soda\Start.h">
      <Filter>Soda</Filter>
    </ClInclude>
  </ItemGroup>
  <ItemGroup>
    <ClCompile Include="src\Soda\App.cpp">
      <Filter>Soda</Filter>
    </ClCompile>
    <ClCompile Include="src\Soda\Logger.cpp">
      <Filter>Soda</Filter>
    </ClCompile>
  </ItemGroup>
</Project>