
Microsoft Visual Studio Solution File, Format Version 12.00
# Visual Studio Version 17
VisualStudioVersion = 17.7.34024.191
MinimumVisualStudioVersion = 10.0.40219.1
Project("{8BC9CEB8-8B4A-11D0-8D11-00A0C91BC942}") = "CottonBox", "CottonBox\CottonBox.vcxproj", "{7B04BA04-0CF1-4FDF-A2AF-597B3FDFC366}"
EndProject
Project("{8BC9CEB8-8B4A-11D0-8D11-00A0C91BC942}") = "CottonEngine", "CottonEngine\CottonEngine.vcxproj", "{CC99DC01-1B57-484E-AE20-A07670EEACB5}"
EndProject
Global
	GlobalSection(SolutionConfigurationPlatforms) = preSolution
		Debug|x64 = Debug|x64
		Release|x64 = Release|x64
	EndGlobalSection
	GlobalSection(ProjectConfigurationPlatforms) = postSolution
		{CC99DC01-1B57-484E-AE20-A07670EEACB5}.Debug|x64.ActiveCfg = Debug|x64
		{CC99DC01-1B57-484E-AE20-A07670EEACB5}.Debug|x64.Build.0 = Debug|x64
		{CC99DC01-1B57-484E-AE20-A07670EEACB5}.Release|x64.ActiveCfg = Release|x64
		{CC99DC01-1B57-484E-AE20-A07670EEACB5}.Release|x64.Build.0 = Release|x64
		{7B04BA04-0CF1-4FDF-A2AF-597B3FDFC366}.Debug|x64.ActiveCfg = Debug|x64
		{7B04BA04-0CF1-4FDF-A2AF-597B3FDFC366}.Debug|x64.Build.0 = Debug|x64
		{7B04BA04-0CF1-4FDF-A2AF-597B3FDFC366}.Release|x64.ActiveCfg = Release|x64
		{7B04BA04-0CF1-4FDF-A2AF-597B3FDFC366}.Release|x64.Build.0 = Release|x64
	EndGlobalSection
	GlobalSection(SolutionProperties) = preSolution
		HideSolutionNode = FALSE
	EndGlobalSection
	GlobalSection(ExtensibilityGlobals) = postSolution
		SolutionGuid = {85E88A9D-EAEC-44E8-AA5D-C372DE29EF4B}
	EndGlobalSection
EndGlobal
